// !$*UTF8*$!
{
	archiveVersion = 1;
	classes = {
	};
	objectVersion = 50;
	objects = {

/* Begin PBXBuildFile section */
		0A0763CE2617052E0026F7EE /* AppDelegate.swift in Sources */ = {isa = PBXBuildFile; fileRef = 0A0763CD2617052E0026F7EE /* AppDelegate.swift */; };
		0A0763D02617052E0026F7EE /* SceneDelegate.swift in Sources */ = {isa = PBXBuildFile; fileRef = 0A0763CF2617052E0026F7EE /* SceneDelegate.swift */; };
		0A0763D22617052E0026F7EE /* LogInViewController.swift in Sources */ = {isa = PBXBuildFile; fileRef = 0A0763D12617052E0026F7EE /* LogInViewController.swift */; };
		0A0763D52617052E0026F7EE /* Main.storyboard in Resources */ = {isa = PBXBuildFile; fileRef = 0A0763D32617052E0026F7EE /* Main.storyboard */; };
		0A0763D7261705300026F7EE /* Assets.xcassets in Resources */ = {isa = PBXBuildFile; fileRef = 0A0763D6261705300026F7EE /* Assets.xcassets */; };
		0A0763DA261705300026F7EE /* LaunchScreen.storyboard in Resources */ = {isa = PBXBuildFile; fileRef = 0A0763D8261705300026F7EE /* LaunchScreen.storyboard */; };
		0A0763E426170CF10026F7EE /* WelcomeViewController.swift in Sources */ = {isa = PBXBuildFile; fileRef = 0A0763E326170CF10026F7EE /* WelcomeViewController.swift */; };
		0A0F35612617BDA8003DE207 /* UserModel.swift in Sources */ = {isa = PBXBuildFile; fileRef = 0A0F35602617BDA8003DE207 /* UserModel.swift */; };
		0A0FAB1226190B5700FE2176 /* WhatILikeViewController.swift in Sources */ = {isa = PBXBuildFile; fileRef = 0A0FAB1126190B5700FE2176 /* WhatILikeViewController.swift */; };
		0A44016826176C8200B2C407 /* AboutMeViewController.swift in Sources */ = {isa = PBXBuildFile; fileRef = 0A44016726176C8200B2C407 /* AboutMeViewController.swift */; };
		0A4AA8472618511300C28530 /* PoemViewController.swift in Sources */ = {isa = PBXBuildFile; fileRef = 0A4AA8462618511300C28530 /* PoemViewController.swift */; };
/* End PBXBuildFile section */

/* Begin PBXFileReference section */
		0A0763CA2617052E0026F7EE /* ASPushkin2.4.app */ = {isa = PBXFileReference; explicitFileType = wrapper.application; includeInIndex = 0; path = ASPushkin2.4.app; sourceTree = BUILT_PRODUCTS_DIR; };
		0A0763CD2617052E0026F7EE /* AppDelegate.swift */ = {isa = PBXFileReference; lastKnownFileType = sourcecode.swift; path = AppDelegate.swift; sourceTree = "<group>"; };
		0A0763CF2617052E0026F7EE /* SceneDelegate.swift */ = {isa = PBXFileReference; lastKnownFileType = sourcecode.swift; path = SceneDelegate.swift; sourceTree = "<group>"; };
		0A0763D12617052E0026F7EE /* LogInViewController.swift */ = {isa = PBXFileReference; lastKnownFileType = sourcecode.swift; path = LogInViewController.swift; sourceTree = "<group>"; };
		0A0763D42617052E0026F7EE /* Base */ = {isa = PBXFileReference; lastKnownFileType = file.storyboard; name = Base; path = Base.lproj/Main.storyboard; sourceTree = "<group>"; };
		0A0763D6261705300026F7EE /* Assets.xcassets */ = {isa = PBXFileReference; lastKnownFileType = folder.assetcatalog; path = Assets.xcassets; sourceTree = "<group>"; };
		0A0763D9261705300026F7EE /* Base */ = {isa = PBXFileReference; lastKnownFileType = file.storyboard; name = Base; path = Base.lproj/LaunchScreen.storyboard; sourceTree = "<group>"; };
		0A0763DB261705300026F7EE /* Info.plist */ = {isa = PBXFileReference; lastKnownFileType = text.plist.xml; path = Info.plist; sourceTree = "<group>"; };
		0A0763E326170CF10026F7EE /* WelcomeViewController.swift */ = {isa = PBXFileReference; lastKnownFileType = sourcecode.swift; path = WelcomeViewController.swift; sourceTree = "<group>"; };
		0A0F35602617BDA8003DE207 /* UserModel.swift */ = {isa = PBXFileReference; lastKnownFileType = sourcecode.swift; path = UserModel.swift; sourceTree = "<group>"; };
		0A0FAB1126190B5700FE2176 /* WhatILikeViewController.swift */ = {isa = PBXFileReference; lastKnownFileType = sourcecode.swift; path = WhatILikeViewController.swift; sourceTree = "<group>"; };
		0A44016726176C8200B2C407 /* AboutMeViewController.swift */ = {isa = PBXFileReference; lastKnownFileType = sourcecode.swift; path = AboutMeViewController.swift; sourceTree = "<group>"; };
		0A4AA8462618511300C28530 /* PoemViewController.swift */ = {isa = PBXFileReference; lastKnownFileType = sourcecode.swift; path = PoemViewController.swift; sourceTree = "<group>"; };
/* End PBXFileReference section */

/* Begin PBXFrameworksBuildPhase section */
		0A0763C72617052E0026F7EE /* Frameworks */ = {
			isa = PBXFrameworksBuildPhase;
			buildActionMask = 2147483647;
			files = (
			);
			runOnlyForDeploymentPostprocessing = 0;
		};
/* End PBXFrameworksBuildPhase section */

/* Begin PBXGroup section */
		0A0763C12617052E0026F7EE = {
			isa = PBXGroup;
			children = (
				0A0763CC2617052E0026F7EE /* ASPushkin2.4 */,
				0A0763CB2617052E0026F7EE /* Products */,
			);
			sourceTree = "<group>";
		};
		0A0763CB2617052E0026F7EE /* Products */ = {
			isa = PBXGroup;
			children = (
				0A0763CA2617052E0026F7EE /* ASPushkin2.4.app */,
			);
			name = Products;
			sourceTree = "<group>";
		};
		0A0763CC2617052E0026F7EE /* ASPushkin2.4 */ = {
			isa = PBXGroup;
			children = (
				0A44016326176BB300B2C407 /* Models */,
				0A44016126176B7700B2C407 /* ViewControllers */,
				0A44016226176B9900B2C407 /* Storyboards */,
				0A44016426176BD000B2C407 /* Resources */,
				0A44016526176BEA00B2C407 /* Supporting */,
			);
			path = ASPushkin2.4;
			sourceTree = "<group>";
		};
		0A44016126176B7700B2C407 /* ViewControllers */ = {
			isa = PBXGroup;
			children = (
				0A0763D12617052E0026F7EE /* LogInViewController.swift */,
				0A44016726176C8200B2C407 /* AboutMeViewController.swift */,
				0A0763E326170CF10026F7EE /* WelcomeViewController.swift */,
				0A4AA8462618511300C28530 /* PoemViewController.swift */,
				0A0FAB1126190B5700FE2176 /* WhatILikeViewController.swift */,
			);
			path = ViewControllers;
			sourceTree = "<group>";
		};
		0A44016226176B9900B2C407 /* Storyboards */ = {
			isa = PBXGroup;
			children = (
				0A0763D32617052E0026F7EE /* Main.storyboard */,
				0A0763D8261705300026F7EE /* LaunchScreen.storyboard */,
			);
			path = Storyboards;
			sourceTree = "<group>";
		};
		0A44016326176BB300B2C407 /* Models */ = {
			isa = PBXGroup;
			children = (
				0A0F35602617BDA8003DE207 /* UserModel.swift */,
			);
			path = Models;
			sourceTree = "<group>";
		};
		0A44016426176BD000B2C407 /* Resources */ = {
			isa = PBXGroup;
			children = (
				0A0763D6261705300026F7EE /* Assets.xcassets */,
			);
			path = Resources;
			sourceTree = "<group>";
		};
		0A44016526176BEA00B2C407 /* Supporting */ = {
			isa = PBXGroup;
			children = (
				0A0763CD2617052E0026F7EE /* AppDelegate.swift */,
				0A0763CF2617052E0026F7EE /* SceneDelegate.swift */,
				0A0763DB261705300026F7EE /* Info.plist */,
			);
			path = Supporting;
			sourceTree = "<group>";
		};
/* End PBXGroup section */

/* Begin PBXNativeTarget section */
		0A0763C92617052E0026F7EE /* ASPushkin2.4 */ = {
			isa = PBXNativeTarget;
			buildConfigurationList = 0A0763DE261705300026F7EE /* Build configuration list for PBXNativeTarget "ASPushkin2.4" */;
			buildPhases = (
				0A0763C62617052E0026F7EE /* Sources */,
				0A0763C72617052E0026F7EE /* Frameworks */,
				0A0763C82617052E0026F7EE /* Resources */,
			);
			buildRules = (
			);
			dependencies = (
			);
			name = ASPushkin2.4;
			productName = ASPushkin2.4;
			productReference = 0A0763CA2617052E0026F7EE /* ASPushkin2.4.app */;
			productType = "com.apple.product-type.application";
		};
/* End PBXNativeTarget section */

/* Begin PBXProject section */
		0A0763C22617052E0026F7EE /* Project object */ = {
			isa = PBXProject;
			attributes = {
				LastSwiftUpdateCheck = 1240;
				LastUpgradeCheck = 1240;
				TargetAttributes = {
					0A0763C92617052E0026F7EE = {
						CreatedOnToolsVersion = 12.4;
					};
				};
			};
			buildConfigurationList = 0A0763C52617052E0026F7EE /* Build configuration list for PBXProject "ASPushkin2.4" */;
			compatibilityVersion = "Xcode 9.3";
			developmentRegion = en;
			hasScannedForEncodings = 0;
			knownRegions = (
				en,
				Base,
			);
			mainGroup = 0A0763C12617052E0026F7EE;
			productRefGroup = 0A0763CB2617052E0026F7EE /* Products */;
			projectDirPath = "";
			projectRoot = "";
			targets = (
				0A0763C92617052E0026F7EE /* ASPushkin2.4 */,
			);
		};
/* End PBXProject section */

/* Begin PBXResourcesBuildPhase section */
		0A0763C82617052E0026F7EE /* Resources */ = {
			isa = PBXResourcesBuildPhase;
			buildActionMask = 2147483647;
			files = (
				0A0763DA261705300026F7EE /* LaunchScreen.storyboard in Resources */,
				0A0763D7261705300026F7EE /* Assets.xcassets in Resources */,
				0A0763D52617052E0026F7EE /* Main.storyboard in Resources */,
			);
			runOnlyForDeploymentPostprocessing = 0;
		};
/* End PBXResourcesBuildPhase section */

/* Begin PBXSourcesBuildPhase section */
		0A0763C62617052E0026F7EE /* Sources */ = {
			isa = PBXSourcesBuildPhase;
			buildActionMask = 2147483647;
			files = (
				0A0763D22617052E0026F7EE /* LogInViewController.swift in Sources */,
				0A0FAB1226190B5700FE2176 /* WhatILikeViewController.swift in Sources */,
				0A44016826176C8200B2C407 /* AboutMeViewController.swift in Sources */,
				0A0763E426170CF10026F7EE /* WelcomeViewController.swift in Sources */,
				0A0763CE2617052E0026F7EE /* AppDelegate.swift in Sources */,
				0A0F35612617BDA8003DE207 /* UserModel.swift in Sources */,
				0A4AA8472618511300C28530 /* PoemViewController.swift in Sources */,
				0A0763D02617052E0026F7EE /* SceneDelegate.swift in Sources */,
			);
			runOnlyForDeploymentPostprocessing = 0;
		};
/* End PBXSourcesBuildPhase section */

/* Begin PBXVariantGroup section */
		0A0763D32617052E0026F7EE /* Main.storyboard */ = {
			isa = PBXVariantGroup;
			children = (
				0A0763D42617052E0026F7EE /* Base */,
			);
			name = Main.storyboard;
			sourceTree = "<group>";
		};
		0A0763D8261705300026F7EE /* LaunchScreen.storyboard */ = {
			isa = PBXVariantGroup;
			children = (
				0A0763D9261705300026F7EE /* Base */,
			);
			name = LaunchScreen.storyboard;
			sourceTree = "<group>";
		};
/* End PBXVariantGroup section */

/* Begin XCBuildConfiguration section */
		0A0763DC261705300026F7EE /* Debug */ = {
			isa = XCBuildConfiguration;
			buildSettings = {
				ALWAYS_SEARCH_USER_PATHS = NO;
				CLANG_ANALYZER_NONNULL = YES;
				CLANG_ANALYZER_NUMBER_OBJECT_CONVERSION = YES_AGGRESSIVE;
				CLANG_CXX_LANGUAGE_STANDARD = "gnu++14";
				CLANG_CXX_LIBRARY = "libc++";
				CLANG_ENABLE_MODULES = YES;
				CLANG_ENABLE_OBJC_ARC = YES;
				CLANG_ENABLE_OBJC_WEAK = YES;
				CLANG_WARN_BLOCK_CAPTURE_AUTORELEASING = YES;
				CLANG_WARN_BOOL_CONVERSION = YES;
				CLANG_WARN_COMMA = YES;
				CLANG_WARN_CONSTANT_CONVERSION = YES;
				CLANG_WARN_DEPRECATED_OBJC_IMPLEMENTATIONS = YES;
				CLANG_WARN_DIRECT_OBJC_ISA_USAGE = YES_ERROR;
				CLANG_WARN_DOCUMENTATION_COMMENTS = YES;
				CLANG_WARN_EMPTY_BODY = YES;
				CLANG_WARN_ENUM_CONVERSION = YES;
				CLANG_WARN_INFINITE_RECURSION = YES;
				CLANG_WARN_INT_CONVERSION = YES;
				CLANG_WARN_NON_LITERAL_NULL_CONVERSION = YES;
				CLANG_WARN_OBJC_IMPLICIT_RETAIN_SELF = YES;
				CLANG_WARN_OBJC_LITERAL_CONVERSION = YES;
				CLANG_WARN_OBJC_ROOT_CLASS = YES_ERROR;
				CLANG_WARN_QUOTED_INCLUDE_IN_FRAMEWORK_HEADER = YES;
				CLANG_WARN_RANGE_LOOP_ANALYSIS = YES;
				CLANG_WARN_STRICT_PROTOTYPES = YES;
				CLANG_WARN_SUSPICIOUS_MOVE = YES;
				CLANG_WARN_UNGUARDED_AVAILABILITY = YES_AGGRESSIVE;
				CLANG_WARN_UNREACHABLE_CODE = YES;
				CLANG_WARN__DUPLICATE_METHOD_MATCH = YES;
				COPY_PHASE_STRIP = NO;
				DEBUG_INFORMATION_FORMAT = dwarf;
				ENABLE_STRICT_OBJC_MSGSEND = YES;
				ENABLE_TESTABILITY = YES;
				GCC_C_LANGUAGE_STANDARD = gnu11;
				GCC_DYNAMIC_NO_PIC = NO;
				GCC_NO_COMMON_BLOCKS = YES;
				GCC_OPTIMIZATION_LEVEL = 0;
				GCC_PREPROCESSOR_DEFINITIONS = (
					"DEBUG=1",
					"$(inherited)",
				);
				GCC_WARN_64_TO_32_BIT_CONVERSION = YES;
				GCC_WARN_ABOUT_RETURN_TYPE = YES_ERROR;
				GCC_WARN_UNDECLARED_SELECTOR = YES;
				GCC_WARN_UNINITIALIZED_AUTOS = YES_AGGRESSIVE;
				GCC_WARN_UNUSED_FUNCTION = YES;
				GCC_WARN_UNUSED_VARIABLE = YES;
				IPHONEOS_DEPLOYMENT_TARGET = 14.4;
				MTL_ENABLE_DEBUG_INFO = INCLUDE_SOURCE;
				MTL_FAST_MATH = YES;
				ONLY_ACTIVE_ARCH = YES;
				SDKROOT = iphoneos;
				SWIFT_ACTIVE_COMPILATION_CONDITIONS = DEBUG;
				SWIFT_OPTIMIZATION_LEVEL = "-Onone";
			};
			name = Debug;
		};
		0A0763DD261705300026F7EE /* Release */ = {
			isa = XCBuildConfiguration;
			buildSettings = {
				ALWAYS_SEARCH_USER_PATHS = NO;
				CLANG_ANALYZER_NONNULL = YES;
				CLANG_ANALYZER_NUMBER_OBJECT_CONVERSION = YES_AGGRESSIVE;
				CLANG_CXX_LANGUAGE_STANDARD = "gnu++14";
				CLANG_CXX_LIBRARY = "libc++";
				CLANG_ENABLE_MODULES = YES;
				CLANG_ENABLE_OBJC_ARC = YES;
				CLANG_ENABLE_OBJC_WEAK = YES;
				CLANG_WARN_BLOCK_CAPTURE_AUTORELEASING = YES;
				CLANG_WARN_BOOL_CONVERSION = YES;
				CLANG_WARN_COMMA = YES;
				CLANG_WARN_CONSTANT_CONVERSION = YES;
				CLANG_WARN_DEPRECATED_OBJC_IMPLEMENTATIONS = YES;
				CLANG_WARN_DIRECT_OBJC_ISA_USAGE = YES_ERROR;
				CLANG_WARN_DOCUMENTATION_COMMENTS = YES;
				CLANG_WARN_EMPTY_BODY = YES;
				CLANG_WARN_ENUM_CONVERSION = YES;
				CLANG_WARN_INFINITE_RECURSION = YES;
				CLANG_WARN_INT_CONVERSION = YES;
				CLANG_WARN_NON_LITERAL_NULL_CONVERSION = YES;
				CLANG_WARN_OBJC_IMPLICIT_RETAIN_SELF = YES;
				CLANG_WARN_OBJC_LITERAL_CONVERSION = YES;
				CLANG_WARN_OBJC_ROOT_CLASS = YES_ERROR;
				CLANG_WARN_QUOTED_INCLUDE_IN_FRAMEWORK_HEADER = YES;
				CLANG_WARN_RANGE_LOOP_ANALYSIS = YES;
				CLANG_WARN_STRICT_PROTOTYPES = YES;
				CLANG_WARN_SUSPICIOUS_MOVE = YES;
				CLANG_WARN_UNGUARDED_AVAILABILITY = YES_AGGRESSIVE;
				CLANG_WARN_UNREACHABLE_CODE = YES;
				CLANG_WARN__DUPLICATE_METHOD_MATCH = YES;
				COPY_PHASE_STRIP = NO;
				DEBUG_INFORMATION_FORMAT = "dwarf-with-dsym";
				ENABLE_NS_ASSERTIONS = NO;
				ENABLE_STRICT_OBJC_MSGSEND = YES;
				GCC_C_LANGUAGE_STANDARD = gnu11;
				GCC_NO_COMMON_BLOCKS = YES;
				GCC_WARN_64_TO_32_BIT_CONVERSION = YES;
				GCC_WARN_ABOUT_RETURN_TYPE = YES_ERROR;
				GCC_WARN_UNDECLARED_SELECTOR = YES;
				GCC_WARN_UNINITIALIZED_AUTOS = YES_AGGRESSIVE;
				GCC_WARN_UNUSED_FUNCTION = YES;
				GCC_WARN_UNUSED_VARIABLE = YES;
				IPHONEOS_DEPLOYMENT_TARGET = 14.4;
				MTL_ENABLE_DEBUG_INFO = NO;
				MTL_FAST_MATH = YES;
				SDKROOT = iphoneos;
				SWIFT_COMPILATION_MODE = wholemodule;
				SWIFT_OPTIMIZATION_LEVEL = "-O";
				VALIDATE_PRODUCT = YES;
			};
			name = Release;
		};
		0A0763DF261705300026F7EE /* Debug */ = {
			isa = XCBuildConfiguration;
			buildSettings = {
				ASSETCATALOG_COMPILER_APPICON_NAME = AppIcon;
				ASSETCATALOG_COMPILER_GLOBAL_ACCENT_COLOR_NAME = AccentColor;
				CODE_SIGN_STYLE = Automatic;
				INFOPLIST_FILE = ASPushkin2.4/Supporting/Info.plist;
				LD_RUNPATH_SEARCH_PATHS = (
					"$(inherited)",
					"@executable_path/Frameworks",
				);
				PRODUCT_BUNDLE_IDENTIFIER = "dm.ASPushkin2-4";
				PRODUCT_NAME = "$(TARGET_NAME)";
				SWIFT_VERSION = 5.0;
				TARGETED_DEVICE_FAMILY = "1,2";
			};
			name = Debug;
		};
		0A0763E0261705300026F7EE /* Release */ = {
			isa = XCBuildConfiguration;
			buildSettings = {
				ASSETCATALOG_COMPILER_APPICON_NAME = AppIcon;
				ASSETCATALOG_COMPILER_GLOBAL_ACCENT_COLOR_NAME = AccentColor;
				CODE_SIGN_STYLE = Automatic;
				INFOPLIST_FILE = ASPushkin2.4/Supporting/Info.plist;
				LD_RUNPATH_SEARCH_PATHS = (
					"$(inherited)",
					"@executable_path/Frameworks",
				);
				PRODUCT_BUNDLE_IDENTIFIER = "dm.ASPushkin2-4";
				PRODUCT_NAME = "$(TARGET_NAME)";
				SWIFT_VERSION = 5.0;
				TARGETED_DEVICE_FAMILY = "1,2";
			};
			name = Release;
		};
/* End XCBuildConfiguration section */

/* Begin XCConfigurationList section */
		0A0763C52617052E0026F7EE /* Build configuration list for PBXProject "ASPushkin2.4" */ = {
			isa = XCConfigurationList;
			buildConfigurations = (
				0A0763DC261705300026F7EE /* Debug */,
				0A0763DD261705300026F7EE /* Release */,
			);
			defaultConfigurationIsVisible = 0;
			defaultConfigurationName = Release;
		};
		0A0763DE261705300026F7EE /* Build configuration list for PBXNativeTarget "ASPushkin2.4" */ = {
			isa = XCConfigurationList;
			buildConfigurations = (
				0A0763DF261705300026F7EE /* Debug */,
				0A0763E0261705300026F7EE /* Release */,
			);
			defaultConfigurationIsVisible = 0;
			defaultConfigurationName = Release;
		};
/* End XCConfigurationList section */
	};
	rootObject = 0A0763C22617052E0026F7EE /* Project object */;
}
